
Microsoft Visual Studio Solution File, Format Version 12.00
# Visual Studio Version 16
VisualStudioVersion = 16.0.31702.278
MinimumVisualStudioVersion = 10.0.40219.1
Project("{9A19103F-16F7-4668-BE54-9A1E7A4F7556}") = "TourismManagementSystem", "TourismManagementSystem\TourismManagementSystem.csproj", "{B6E2A4FE-BA47-42FA-AF7B-FA3525F422EB}"
EndProject
Global
	GlobalSection(SolutionConfigurationPlatforms) = preSolution
		Debug|Any CPU = Debug|Any CPU
		Release|Any CPU = Release|Any CPU
	EndGlobalSection
	GlobalSection(ProjectConfigurationPlatforms) = postSolution
		{B6E2A4FE-BA47-42FA-AF7B-FA3525F422EB}.Debug|Any CPU.ActiveCfg = Debug|Any CPU
		{B6E2A4FE-BA47-42FA-AF7B-FA3525F422EB}.Debug|Any CPU.Build.0 = Debug|Any CPU
		{B6E2A4FE-BA47-42FA-AF7B-FA3525F422EB}.Release|Any CPU.ActiveCfg = Release|Any CPU
		{B6E2A4FE-BA47-42FA-AF7B-FA3525F422EB}.Release|Any CPU.Build.0 = Release|Any CPU
	EndGlobalSection
	GlobalSection(SolutionProperties) = preSolution
		HideSolutionNode = FALSE
	EndGlobalSection
	GlobalSection(ExtensibilityGlobals) = postSolution
		SolutionGuid = {2467EF3E-EC4C-48F1-B6F2-5A4A95A07338}
	EndGlobalSection
EndGlobal
